
Microsoft Visual Studio Solution File, Format Version 12.00
# Visual Studio Version 17
VisualStudioVersion = 17.2.32526.322
MinimumVisualStudioVersion = 10.0.40219.1
Project("{FAE04EC0-301F-11D3-BF4B-00C04F79EFBC}") = "FireSimulation", "FireSimulation.csproj", "{B02ADBE9-E20A-447F-B007-078C779B6285}"
EndProject
Global
	GlobalSection(SolutionConfigurationPlatforms) = preSolution
		Debug|Any CPU = Debug|Any CPU
		Release|Any CPU = Release|Any CPU
	EndGlobalSection
	GlobalSection(ProjectConfigurationPlatforms) = postSolution
		{B02ADBE9-E20A-447F-B007-078C779B6285}.Debug|Any CPU.ActiveCfg = Debug|Any CPU
		{B02ADBE9-E20A-447F-B007-078C779B6285}.Debug|Any CPU.Build.0 = Debug|Any CPU
		{B02ADBE9-E20A-447F-B007-078C779B6285}.Release|Any CPU.ActiveCfg = Release|Any CPU
		{B02ADBE9-E20A-447F-B007-078C779B6285}.Release|Any CPU.Build.0 = Release|Any CPU
	EndGlobalSection
	GlobalSection(SolutionProperties) = preSolution
		HideSolutionNode = FALSE
	EndGlobalSection
	GlobalSection(ExtensibilityGlobals) = postSolution
		SolutionGuid = {1CE0FA50-1009-42B8-86D8-52E1A63B5DD0}
	EndGlobalSection
EndGlobal
