
Microsoft Visual Studio Solution File, Format Version 12.00
# Visual Studio Version 17
VisualStudioVersion = 17.4.32916.344
MinimumVisualStudioVersion = 10.0.40219.1
Project("{FAE04EC0-301F-11D3-BF4B-00C04F79EFBC}") = "Laba_1", "Laba_1.csproj", "{19FF0E7A-1D52-4071-9F30-5C3D5FF09C19}"
EndProject
Global
	GlobalSection(SolutionConfigurationPlatforms) = preSolution
		Debug|Any CPU = Debug|Any CPU
		Release|Any CPU = Release|Any CPU
	EndGlobalSection
	GlobalSection(ProjectConfigurationPlatforms) = postSolution
		{19FF0E7A-1D52-4071-9F30-5C3D5FF09C19}.Debug|Any CPU.ActiveCfg = Debug|Any CPU
		{19FF0E7A-1D52-4071-9F30-5C3D5FF09C19}.Debug|Any CPU.Build.0 = Debug|Any CPU
		{19FF0E7A-1D52-4071-9F30-5C3D5FF09C19}.Release|Any CPU.ActiveCfg = Release|Any CPU
		{19FF0E7A-1D52-4071-9F30-5C3D5FF09C19}.Release|Any CPU.Build.0 = Release|Any CPU
	EndGlobalSection
	GlobalSection(SolutionProperties) = preSolution
		HideSolutionNode = FALSE
	EndGlobalSection
	GlobalSection(ExtensibilityGlobals) = postSolution
		SolutionGuid = {1DD31B0E-0030-43B4-82EB-7A08AACB8924}
	EndGlobalSection
EndGlobal
